
Microsoft Visual Studio Solution File, Format Version 12.00
# Visual Studio Version 17
VisualStudioVersion = 17.5.002.0
MinimumVisualStudioVersion = 10.0.40219.1
Project("{9A19103F-16F7-4668-BE54-9A1E7A4F7556}") = "FastEventos.Application", "FastEventos.Application\FastEventos.Application.csproj", "{D7015BA1-2899-4E87-95F5-36FE05FB0A3C}"
EndProject
Project("{9A19103F-16F7-4668-BE54-9A1E7A4F7556}") = "FastEventos.Domain", "FastEventos.Domain\FastEventos.Domain.csproj", "{5C0C7F02-1DE8-4FCB-B6E1-AF3D8635BFD5}"
EndProject
Project("{9A19103F-16F7-4668-BE54-9A1E7A4F7556}") = "FastEventos.Persistence", "FastEventos.Persistence\FastEventos.Persistence.csproj", "{538F67E1-FA7D-4553-8736-185B184ED711}"
EndProject
Project("{9A19103F-16F7-4668-BE54-9A1E7A4F7556}") = "FastEventos.API", "FastEventos.API\FastEventos.API.csproj", "{CF23E53D-3FC5-4C2C-AB21-5F2B602DAF1A}"
EndProject
Global
	GlobalSection(SolutionConfigurationPlatforms) = preSolution
		Debug|Any CPU = Debug|Any CPU
		Release|Any CPU = Release|Any CPU
	EndGlobalSection
	GlobalSection(ProjectConfigurationPlatforms) = postSolution
		{D7015BA1-2899-4E87-95F5-36FE05FB0A3C}.Debug|Any CPU.ActiveCfg = Debug|Any CPU
		{D7015BA1-2899-4E87-95F5-36FE05FB0A3C}.Debug|Any CPU.Build.0 = Debug|Any CPU
		{D7015BA1-2899-4E87-95F5-36FE05FB0A3C}.Release|Any CPU.ActiveCfg = Release|Any CPU
		{D7015BA1-2899-4E87-95F5-36FE05FB0A3C}.Release|Any CPU.Build.0 = Release|Any CPU
		{5C0C7F02-1DE8-4FCB-B6E1-AF3D8635BFD5}.Debug|Any CPU.ActiveCfg = Debug|Any CPU
		{5C0C7F02-1DE8-4FCB-B6E1-AF3D8635BFD5}.Debug|Any CPU.Build.0 = Debug|Any CPU
		{5C0C7F02-1DE8-4FCB-B6E1-AF3D8635BFD5}.Release|Any CPU.ActiveCfg = Release|Any CPU
		{5C0C7F02-1DE8-4FCB-B6E1-AF3D8635BFD5}.Release|Any CPU.Build.0 = Release|Any CPU
		{538F67E1-FA7D-4553-8736-185B184ED711}.Debug|Any CPU.ActiveCfg = Debug|Any CPU
		{538F67E1-FA7D-4553-8736-185B184ED711}.Debug|Any CPU.Build.0 = Debug|Any CPU
		{538F67E1-FA7D-4553-8736-185B184ED711}.Release|Any CPU.ActiveCfg = Release|Any CPU
		{538F67E1-FA7D-4553-8736-185B184ED711}.Release|Any CPU.Build.0 = Release|Any CPU
		{CF23E53D-3FC5-4C2C-AB21-5F2B602DAF1A}.Debug|Any CPU.ActiveCfg = Debug|Any CPU
		{CF23E53D-3FC5-4C2C-AB21-5F2B602DAF1A}.Debug|Any CPU.Build.0 = Debug|Any CPU
		{CF23E53D-3FC5-4C2C-AB21-5F2B602DAF1A}.Release|Any CPU.ActiveCfg = Release|Any CPU
		{CF23E53D-3FC5-4C2C-AB21-5F2B602DAF1A}.Release|Any CPU.Build.0 = Release|Any CPU
	EndGlobalSection
	GlobalSection(SolutionProperties) = preSolution
		HideSolutionNode = FALSE
	EndGlobalSection
	GlobalSection(ExtensibilityGlobals) = postSolution
		SolutionGuid = {91817413-B734-425B-BA36-2F8F35EF2B5E}
	EndGlobalSection
EndGlobal
